
Microsoft Visual Studio Solution File, Format Version 12.00
# Visual Studio Version 16
VisualStudioVersion = 16.0.29123.89
MinimumVisualStudioVersion = 10.0.40219.1
Project("{9A19103F-16F7-4668-BE54-9A1E7A4F7556}") = "Taurit.Thunderbird.MessageFilterRulesManager", "Taurit.Thunderbird.MessageFilterRulesManager\Taurit.Thunderbird.MessageFilterRulesManager.csproj", "{74FBFFCD-853B-49E2-A6B2-BB1068580509}"
EndProject
Project("{9A19103F-16F7-4668-BE54-9A1E7A4F7556}") = "Taurit.Thunderbird.ExcelToCsvConverter", "Taurit.Thunderbird.ExcelToCsvConverter\Taurit.Thunderbird.ExcelToCsvConverter.csproj", "{AE898343-7551-40ED-B971-AF87B6124CFA}"
EndProject
Project("{9A19103F-16F7-4668-BE54-9A1E7A4F7556}") = "Taurit.Thunderbird.MessageFilterRulesManager.Tests", "Taurit.Thunderbird.MessageFilterRulesManager.Tests\Taurit.Thunderbird.MessageFilterRulesManager.Tests.csproj", "{7A9A9997-3D9B-4EAB-9819-EF62FBB8C797}"
EndProject
Project("{FAE04EC0-301F-11D3-BF4B-00C04F79EFBC}") = "Taurit.Thunderbird.FilterRulesTester", "Taurit.Thunderbird.FilterRulesTester\Taurit.Thunderbird.FilterRulesTester.csproj", "{E145131E-F87F-410F-A0FE-D30868FCE667}"
EndProject
Global
	GlobalSection(SolutionConfigurationPlatforms) = preSolution
		Debug|Any CPU = Debug|Any CPU
		Release|Any CPU = Release|Any CPU
	EndGlobalSection
	GlobalSection(ProjectConfigurationPlatforms) = postSolution
		{74FBFFCD-853B-49E2-A6B2-BB1068580509}.Debug|Any CPU.ActiveCfg = Debug|Any CPU
		{74FBFFCD-853B-49E2-A6B2-BB1068580509}.Debug|Any CPU.Build.0 = Debug|Any CPU
		{74FBFFCD-853B-49E2-A6B2-BB1068580509}.Release|Any CPU.ActiveCfg = Release|Any CPU
		{74FBFFCD-853B-49E2-A6B2-BB1068580509}.Release|Any CPU.Build.0 = Release|Any CPU
		{AE898343-7551-40ED-B971-AF87B6124CFA}.Debug|Any CPU.ActiveCfg = Debug|Any CPU
		{AE898343-7551-40ED-B971-AF87B6124CFA}.Debug|Any CPU.Build.0 = Debug|Any CPU
		{AE898343-7551-40ED-B971-AF87B6124CFA}.Release|Any CPU.ActiveCfg = Release|Any CPU
		{AE898343-7551-40ED-B971-AF87B6124CFA}.Release|Any CPU.Build.0 = Release|Any CPU
		{7A9A9997-3D9B-4EAB-9819-EF62FBB8C797}.Debug|Any CPU.ActiveCfg = Debug|Any CPU
		{7A9A9997-3D9B-4EAB-9819-EF62FBB8C797}.Debug|Any CPU.Build.0 = Debug|Any CPU
		{7A9A9997-3D9B-4EAB-9819-EF62FBB8C797}.Release|Any CPU.ActiveCfg = Release|Any CPU
		{7A9A9997-3D9B-4EAB-9819-EF62FBB8C797}.Release|Any CPU.Build.0 = Release|Any CPU
		{E145131E-F87F-410F-A0FE-D30868FCE667}.Debug|Any CPU.ActiveCfg = Debug|Any CPU
		{E145131E-F87F-410F-A0FE-D30868FCE667}.Debug|Any CPU.Build.0 = Debug|Any CPU
		{E145131E-F87F-410F-A0FE-D30868FCE667}.Release|Any CPU.ActiveCfg = Release|Any CPU
		{E145131E-F87F-410F-A0FE-D30868FCE667}.Release|Any CPU.Build.0 = Release|Any CPU
	EndGlobalSection
	GlobalSection(SolutionProperties) = preSolution
		HideSolutionNode = FALSE
	EndGlobalSection
	GlobalSection(ExtensibilityGlobals) = postSolution
		SolutionGuid = {77AD6D13-300C-4B92-AC40-4768680BB022}
	EndGlobalSection
EndGlobal
